PODS:
  - Flutter (1.0.0)
  - flutter_secure_storage (6.0.0):
    - Flutter
  - llama_cpp_dart (0.0.7)

DEPENDENCIES:
  - Flutter (from `Flutter`)
  - flutter_secure_storage (from `.symlinks/plugins/flutter_secure_storage/ios`)
  - llama_cpp_dart (from `.symlinks/plugins/llama_cpp_dart/ios`)

EXTERNAL SOURCES:
  Flutter:
    :path: Flutter
  flutter_secure_storage:
    :path: ".symlinks/plugins/flutter_secure_storage/ios"
  llama_cpp_dart:
    :path: ".symlinks/plugins/llama_cpp_dart/ios"

SPEC CHECKSUMS:
  Flutter: 71a624a5bc0c04062bf19101d501e466baf2fb47
  flutter_secure_storage: d33dac7ae2ea08509be337e775f6b59f1ff45f12
  llama_cpp_dart: 69ae13d582e5c12684a93df0ebd00f47e54a36d0

PODFILE CHECKSUM: 0e525152e3ec397947996fbf92d176f885bd8b2a

COCOAPODS: 1.15.2
